
Microsoft Visual Studio Solution File, Format Version 12.00
# Visual Studio 14
VisualStudioVersion = 14.0.24720.0
MinimumVisualStudioVersion = 10.0.40219.1
Project("{2150E333-8FDC-42A3-9474-1A3956D46DE8}") = "DAL", "DAL", "{9F9DC9A1-5EAD-49E0-832F-B48A23C03265}"
EndProject
Project("{2150E333-8FDC-42A3-9474-1A3956D46DE8}") = "BLL", "BLL", "{EED8A105-0369-4365-A875-E3155F16DDFA}"
EndProject
Project("{2150E333-8FDC-42A3-9474-1A3956D46DE8}") = "Presentation", "Presentation", "{F25323D1-436A-4868-ADA9-E12472D9FCB5}"
EndProject
Project("{FAE04EC0-301F-11D3-BF4B-00C04F79EFBC}") = "Selly.WinForms", "Selly.WinForms\Selly.WinForms.csproj", "{303C391B-3D2C-4C2D-BF4A-E56EB5899A92}"
EndProject
Project("{FAE04EC0-301F-11D3-BF4B-00C04F79EFBC}") = "Selly.BusinessLogic", "Selly.BusinessLogic\Selly.BusinessLogic.csproj", "{38FAB177-90A5-4E8B-B82F-EC4A27056984}"
EndProject
Project("{FAE04EC0-301F-11D3-BF4B-00C04F79EFBC}") = "Selly.DataAdapter", "Selly.DataAdapter\Selly.DataAdapter.csproj", "{D858A4CA-0F9F-44C4-82B8-792142C40440}"
EndProject
Project("{FAE04EC0-301F-11D3-BF4B-00C04F79EFBC}") = "Selly.Models", "Selly.Models\Selly.Models.csproj", "{AF1D1A35-E9C1-41D4-8701-C1A93A25DBD3}"
EndProject
Project("{FAE04EC0-301F-11D3-BF4B-00C04F79EFBC}") = "Selly.DataLayer", "Selly.DataLayer\Selly.DataLayer.csproj", "{C1A53895-B4AA-4A3F-9E9B-8559ABB634F4}"
EndProject
Project("{00D1A9C2-B5F0-4AF3-8072-F6C62B433612}") = "Selly.Database", "Selly.Database\Selly.Database.sqlproj", "{35A5C14A-9436-4927-9F2B-BB712546F804}"
EndProject
Project("{FAE04EC0-301F-11D3-BF4B-00C04F79EFBC}") = "Selly.Website", "Selly.Website\Selly.Website.csproj", "{D6D66039-AF93-4073-B6FB-318497FA6E91}"
EndProject
Project("{2150E333-8FDC-42A3-9474-1A3956D46DE8}") = "Tests", "Tests", "{A14F4BFA-F76B-4273-BF9C-606FD96A82B0}"
EndProject
Project("{FAE04EC0-301F-11D3-BF4B-00C04F79EFBC}") = "Sally.BusinessLogic.Tests", "Sally.BusinessLogic.Tests\Sally.BusinessLogic.Tests.csproj", "{F2D41209-FB7D-447B-BA4A-CAF1AF60AF9F}"
EndProject
Global
	GlobalSection(SolutionConfigurationPlatforms) = preSolution
		Debug|Any CPU = Debug|Any CPU
		Release|Any CPU = Release|Any CPU
	EndGlobalSection
	GlobalSection(ProjectConfigurationPlatforms) = postSolution
		{303C391B-3D2C-4C2D-BF4A-E56EB5899A92}.Debug|Any CPU.ActiveCfg = Debug|Any CPU
		{303C391B-3D2C-4C2D-BF4A-E56EB5899A92}.Debug|Any CPU.Build.0 = Debug|Any CPU
		{303C391B-3D2C-4C2D-BF4A-E56EB5899A92}.Release|Any CPU.ActiveCfg = Release|Any CPU
		{303C391B-3D2C-4C2D-BF4A-E56EB5899A92}.Release|Any CPU.Build.0 = Release|Any CPU
		{38FAB177-90A5-4E8B-B82F-EC4A27056984}.Debug|Any CPU.ActiveCfg = Debug|Any CPU
		{38FAB177-90A5-4E8B-B82F-EC4A27056984}.Debug|Any CPU.Build.0 = Debug|Any CPU
		{38FAB177-90A5-4E8B-B82F-EC4A27056984}.Release|Any CPU.ActiveCfg = Release|Any CPU
		{38FAB177-90A5-4E8B-B82F-EC4A27056984}.Release|Any CPU.Build.0 = Release|Any CPU
		{D858A4CA-0F9F-44C4-82B8-792142C40440}.Debug|Any CPU.ActiveCfg = Debug|Any CPU
		{D858A4CA-0F9F-44C4-82B8-792142C40440}.Debug|Any CPU.Build.0 = Debug|Any CPU
		{D858A4CA-0F9F-44C4-82B8-792142C40440}.Release|Any CPU.ActiveCfg = Release|Any CPU
		{D858A4CA-0F9F-44C4-82B8-792142C40440}.Release|Any CPU.Build.0 = Release|Any CPU
		{AF1D1A35-E9C1-41D4-8701-C1A93A25DBD3}.Debug|Any CPU.ActiveCfg = Debug|Any CPU
		{AF1D1A35-E9C1-41D4-8701-C1A93A25DBD3}.Debug|Any CPU.Build.0 = Debug|Any CPU
		{AF1D1A35-E9C1-41D4-8701-C1A93A25DBD3}.Release|Any CPU.ActiveCfg = Release|Any CPU
		{AF1D1A35-E9C1-41D4-8701-C1A93A25DBD3}.Release|Any CPU.Build.0 = Release|Any CPU
		{C1A53895-B4AA-4A3F-9E9B-8559ABB634F4}.Debug|Any CPU.ActiveCfg = Debug|Any CPU
		{C1A53895-B4AA-4A3F-9E9B-8559ABB634F4}.Debug|Any CPU.Build.0 = Debug|Any CPU
		{C1A53895-B4AA-4A3F-9E9B-8559ABB634F4}.Release|Any CPU.ActiveCfg = Release|Any CPU
		{C1A53895-B4AA-4A3F-9E9B-8559ABB634F4}.Release|Any CPU.Build.0 = Release|Any CPU
		{35A5C14A-9436-4927-9F2B-BB712546F804}.Debug|Any CPU.ActiveCfg = Debug|Any CPU
		{35A5C14A-9436-4927-9F2B-BB712546F804}.Debug|Any CPU.Build.0 = Debug|Any CPU
		{35A5C14A-9436-4927-9F2B-BB712546F804}.Debug|Any CPU.Deploy.0 = Debug|Any CPU
		{35A5C14A-9436-4927-9F2B-BB712546F804}.Release|Any CPU.ActiveCfg = Release|Any CPU
		{35A5C14A-9436-4927-9F2B-BB712546F804}.Release|Any CPU.Build.0 = Release|Any CPU
		{35A5C14A-9436-4927-9F2B-BB712546F804}.Release|Any CPU.Deploy.0 = Release|Any CPU
		{D6D66039-AF93-4073-B6FB-318497FA6E91}.Debug|Any CPU.ActiveCfg = Debug|Any CPU
		{D6D66039-AF93-4073-B6FB-318497FA6E91}.Debug|Any CPU.Build.0 = Debug|Any CPU
		{D6D66039-AF93-4073-B6FB-318497FA6E91}.Release|Any CPU.ActiveCfg = Release|Any CPU
		{D6D66039-AF93-4073-B6FB-318497FA6E91}.Release|Any CPU.Build.0 = Release|Any CPU
		{F2D41209-FB7D-447B-BA4A-CAF1AF60AF9F}.Debug|Any CPU.ActiveCfg = Debug|Any CPU
		{F2D41209-FB7D-447B-BA4A-CAF1AF60AF9F}.Debug|Any CPU.Build.0 = Debug|Any CPU
		{F2D41209-FB7D-447B-BA4A-CAF1AF60AF9F}.Release|Any CPU.ActiveCfg = Release|Any CPU
		{F2D41209-FB7D-447B-BA4A-CAF1AF60AF9F}.Release|Any CPU.Build.0 = Release|Any CPU
	EndGlobalSection
	GlobalSection(SolutionProperties) = preSolution
		HideSolutionNode = FALSE
	EndGlobalSection
	GlobalSection(NestedProjects) = preSolution
		{303C391B-3D2C-4C2D-BF4A-E56EB5899A92} = {F25323D1-436A-4868-ADA9-E12472D9FCB5}
		{38FAB177-90A5-4E8B-B82F-EC4A27056984} = {EED8A105-0369-4365-A875-E3155F16DDFA}
		{D858A4CA-0F9F-44C4-82B8-792142C40440} = {EED8A105-0369-4365-A875-E3155F16DDFA}
		{AF1D1A35-E9C1-41D4-8701-C1A93A25DBD3} = {EED8A105-0369-4365-A875-E3155F16DDFA}
		{C1A53895-B4AA-4A3F-9E9B-8559ABB634F4} = {9F9DC9A1-5EAD-49E0-832F-B48A23C03265}
		{35A5C14A-9436-4927-9F2B-BB712546F804} = {9F9DC9A1-5EAD-49E0-832F-B48A23C03265}
		{D6D66039-AF93-4073-B6FB-318497FA6E91} = {F25323D1-436A-4868-ADA9-E12472D9FCB5}
		{F2D41209-FB7D-447B-BA4A-CAF1AF60AF9F} = {A14F4BFA-F76B-4273-BF9C-606FD96A82B0}
	EndGlobalSection
EndGlobal
